
Microsoft Visual Studio Solution File, Format Version 12.00
# Visual Studio Express 14 for Windows Desktop
VisualStudioVersion = 14.0.23107.0
MinimumVisualStudioVersion = 10.0.40219.1
Project("{FAE04EC0-301F-11D3-BF4B-00C04F79EFBC}") = "NeuralNet", "NeuralNet\NeuralNet.csproj", "{77A0CBCC-F3DB-4B19-A067-DBC933D66845}"
EndProject
Project("{FAE04EC0-301F-11D3-BF4B-00C04F79EFBC}") = "MnistViewer", "MnistViewer\MnistViewer.csproj", "{ABEC114A-2F3F-4792-B46F-16459FE8900E}"
EndProject
Global
	GlobalSection(SolutionConfigurationPlatforms) = preSolution
		Debug|Any CPU = Debug|Any CPU
		Release|Any CPU = Release|Any CPU
	EndGlobalSection
	GlobalSection(ProjectConfigurationPlatforms) = postSolution
		{77A0CBCC-F3DB-4B19-A067-DBC933D66845}.Debug|Any CPU.ActiveCfg = Debug|Any CPU
		{77A0CBCC-F3DB-4B19-A067-DBC933D66845}.Debug|Any CPU.Build.0 = Debug|Any CPU
		{77A0CBCC-F3DB-4B19-A067-DBC933D66845}.Release|Any CPU.ActiveCfg = Release|Any CPU
		{77A0CBCC-F3DB-4B19-A067-DBC933D66845}.Release|Any CPU.Build.0 = Release|Any CPU
		{ABEC114A-2F3F-4792-B46F-16459FE8900E}.Debug|Any CPU.ActiveCfg = Debug|Any CPU
		{ABEC114A-2F3F-4792-B46F-16459FE8900E}.Debug|Any CPU.Build.0 = Debug|Any CPU
		{ABEC114A-2F3F-4792-B46F-16459FE8900E}.Release|Any CPU.ActiveCfg = Release|Any CPU
		{ABEC114A-2F3F-4792-B46F-16459FE8900E}.Release|Any CPU.Build.0 = Release|Any CPU
	EndGlobalSection
	GlobalSection(SolutionProperties) = preSolution
		HideSolutionNode = FALSE
	EndGlobalSection
EndGlobal
